
Microsoft Visual Studio Solution File, Format Version 12.00
# Visual Studio 15
VisualStudioVersion = 15.0.28307.421
MinimumVisualStudioVersion = 10.0.40219.1
Project("{FAE04EC0-301F-11D3-BF4B-00C04F79EFBC}") = "AccessTeamMoverPlugin", "AccessTeamMoverPlugin\AccessTeamMoverPlugin.csproj", "{BF9DA833-2BBD-44E5-9B1E-4C6282FA923C}"
EndProject
Global
	GlobalSection(SolutionConfigurationPlatforms) = preSolution
		Debug|Any CPU = Debug|Any CPU
		Release|Any CPU = Release|Any CPU
	EndGlobalSection
	GlobalSection(ProjectConfigurationPlatforms) = postSolution
		{08941208-CFDC-4104-9C76-657530E4BABC}.Debug|Any CPU.ActiveCfg = Debug|Any CPU
		{08941208-CFDC-4104-9C76-657530E4BABC}.Debug|Any CPU.Build.0 = Debug|Any CPU
		{08941208-CFDC-4104-9C76-657530E4BABC}.Release|Any CPU.ActiveCfg = Release|Any CPU
		{08941208-CFDC-4104-9C76-657530E4BABC}.Release|Any CPU.Build.0 = Release|Any CPU
		{BF9DA833-2BBD-44E5-9B1E-4C6282FA923C}.Debug|Any CPU.ActiveCfg = Debug|Any CPU
		{BF9DA833-2BBD-44E5-9B1E-4C6282FA923C}.Debug|Any CPU.Build.0 = Debug|Any CPU
		{BF9DA833-2BBD-44E5-9B1E-4C6282FA923C}.Release|Any CPU.ActiveCfg = Release|Any CPU
		{BF9DA833-2BBD-44E5-9B1E-4C6282FA923C}.Release|Any CPU.Build.0 = Release|Any CPU
	EndGlobalSection
	GlobalSection(SolutionProperties) = preSolution
		HideSolutionNode = FALSE
	EndGlobalSection
	GlobalSection(ExtensibilityGlobals) = postSolution
		SolutionGuid = {14166617-38B5-4EED-BBB1-A1B8CFC262F7}
	EndGlobalSection
EndGlobal
